
Microsoft Visual Studio Solution File, Format Version 12.00
# Visual Studio Version 16
VisualStudioVersion = 16.0.31321.278
MinimumVisualStudioVersion = 10.0.40219.1
Project("{FAE04EC0-301F-11D3-BF4B-00C04F79EFBC}") = "DemoSession3_WFP", "DemoSession3_WFP\DemoSession3_WFP.csproj", "{6E4B4B15-7824-4952-B835-0154835C334F}"
EndProject
Global
	GlobalSection(SolutionConfigurationPlatforms) = preSolution
		Debug|Any CPU = Debug|Any CPU
		Release|Any CPU = Release|Any CPU
	EndGlobalSection
	GlobalSection(ProjectConfigurationPlatforms) = postSolution
		{6E4B4B15-7824-4952-B835-0154835C334F}.Debug|Any CPU.ActiveCfg = Debug|Any CPU
		{6E4B4B15-7824-4952-B835-0154835C334F}.Debug|Any CPU.Build.0 = Debug|Any CPU
		{6E4B4B15-7824-4952-B835-0154835C334F}.Release|Any CPU.ActiveCfg = Release|Any CPU
		{6E4B4B15-7824-4952-B835-0154835C334F}.Release|Any CPU.Build.0 = Release|Any CPU
	EndGlobalSection
	GlobalSection(SolutionProperties) = preSolution
		HideSolutionNode = FALSE
	EndGlobalSection
	GlobalSection(ExtensibilityGlobals) = postSolution
		SolutionGuid = {A269FD38-2E4F-4C70-90C3-09666B0BADD1}
	EndGlobalSection
EndGlobal
