
Microsoft Visual Studio Solution File, Format Version 12.00
# Visual Studio Version 16
VisualStudioVersion = 16.0.31321.278
MinimumVisualStudioVersion = 10.0.40219.1
Project("{FAE04EC0-301F-11D3-BF4B-00C04F79EFBC}") = "Homework_WFP", "Homework_WFP\Homework_WFP.csproj", "{A5AAC3EB-073E-4015-B688-1B9E0B5BBAD3}"
EndProject
Global
	GlobalSection(SolutionConfigurationPlatforms) = preSolution
		Debug|Any CPU = Debug|Any CPU
		Release|Any CPU = Release|Any CPU
	EndGlobalSection
	GlobalSection(ProjectConfigurationPlatforms) = postSolution
		{A5AAC3EB-073E-4015-B688-1B9E0B5BBAD3}.Debug|Any CPU.ActiveCfg = Debug|Any CPU
		{A5AAC3EB-073E-4015-B688-1B9E0B5BBAD3}.Debug|Any CPU.Build.0 = Debug|Any CPU
		{A5AAC3EB-073E-4015-B688-1B9E0B5BBAD3}.Release|Any CPU.ActiveCfg = Release|Any CPU
		{A5AAC3EB-073E-4015-B688-1B9E0B5BBAD3}.Release|Any CPU.Build.0 = Release|Any CPU
	EndGlobalSection
	GlobalSection(SolutionProperties) = preSolution
		HideSolutionNode = FALSE
	EndGlobalSection
	GlobalSection(ExtensibilityGlobals) = postSolution
		SolutionGuid = {360FB135-4217-4704-BF65-C240F14AEFB5}
	EndGlobalSection
EndGlobal
