
Microsoft Visual Studio Solution File, Format Version 12.00
# Visual Studio Version 16
VisualStudioVersion = 16.0.31321.278
MinimumVisualStudioVersion = 10.0.40219.1
Project("{FAE04EC0-301F-11D3-BF4B-00C04F79EFBC}") = "DemoSession2_WFP", "DemoSession2_WFP\DemoSession2_WFP.csproj", "{14191B32-01A9-434D-8E0A-BC1A1EC81C1C}"
EndProject
Global
	GlobalSection(SolutionConfigurationPlatforms) = preSolution
		Debug|Any CPU = Debug|Any CPU
		Release|Any CPU = Release|Any CPU
	EndGlobalSection
	GlobalSection(ProjectConfigurationPlatforms) = postSolution
		{14191B32-01A9-434D-8E0A-BC1A1EC81C1C}.Debug|Any CPU.ActiveCfg = Debug|Any CPU
		{14191B32-01A9-434D-8E0A-BC1A1EC81C1C}.Debug|Any CPU.Build.0 = Debug|Any CPU
		{14191B32-01A9-434D-8E0A-BC1A1EC81C1C}.Release|Any CPU.ActiveCfg = Release|Any CPU
		{14191B32-01A9-434D-8E0A-BC1A1EC81C1C}.Release|Any CPU.Build.0 = Release|Any CPU
	EndGlobalSection
	GlobalSection(SolutionProperties) = preSolution
		HideSolutionNode = FALSE
	EndGlobalSection
	GlobalSection(ExtensibilityGlobals) = postSolution
		SolutionGuid = {16656FC6-EA75-414C-9E79-EEC3BC9613E7}
	EndGlobalSection
EndGlobal
